// !$*UTF8*$!
{
	archiveVersion = 1;
	classes = {
	};
	objectVersion = 46;
	objects = {

/* Begin PBXBuildFile section */
		1FA049EA1AF7E4D70080EC3A /* AppDelegate.swift in Sources */ = {isa = PBXBuildFile; fileRef = 1FA049E91AF7E4D70080EC3A /* AppDelegate.swift */; };
		1FA049EC1AF7E4D70080EC3A /* ViewController.swift in Sources */ = {isa = PBXBuildFile; fileRef = 1FA049EB1AF7E4D70080EC3A /* ViewController.swift */; };
		1FA049EF1AF7E4D70080EC3A /* Main.storyboard in Resources */ = {isa = PBXBuildFile; fileRef = 1FA049ED1AF7E4D70080EC3A /* Main.storyboard */; };
		1FA049F11AF7E4D70080EC3A /* Images.xcassets in Resources */ = {isa = PBXBuildFile; fileRef = 1FA049F01AF7E4D70080EC3A /* Images.xcassets */; };
		1FA049F41AF7E4D70080EC3A /* LaunchScreen.xib in Resources */ = {isa = PBXBuildFile; fileRef = 1FA049F21AF7E4D70080EC3A /* LaunchScreen.xib */; };
		1FA04A001AF7E4D70080EC3A /* coreMotion_HackathonTests.swift in Sources */ = {isa = PBXBuildFile; fileRef = 1FA049FF1AF7E4D70080EC3A /* coreMotion_HackathonTests.swift */; };
		1FA04A0A1AF828410080EC3A /* PacmanWakaWaka.mp3 in Resources */ = {isa = PBXBuildFile; fileRef = 1FA04A091AF828410080EC3A /* PacmanWakaWaka.mp3 */; };
		1FA04A0C1AF828F10080EC3A /* PacmanOpeningSong.mp3 in Resources */ = {isa = PBXBuildFile; fileRef = 1FA04A0B1AF828F10080EC3A /* PacmanOpeningSong.mp3 */; };
		1FA04A0E1AF82A4C0080EC3A /* PacmanDies.mp3 in Resources */ = {isa = PBXBuildFile; fileRef = 1FA04A0D1AF82A4C0080EC3A /* PacmanDies.mp3 */; };
		1FA04A101AF82AF50080EC3A /* PacmanEatingGhost.mp3 in Resources */ = {isa = PBXBuildFile; fileRef = 1FA04A0F1AF82AF50080EC3A /* PacmanEatingGhost.mp3 */; };
/* End PBXBuildFile section */

/* Begin PBXContainerItemProxy section */
		1FA049FA1AF7E4D70080EC3A /* PBXContainerItemProxy */ = {
			isa = PBXContainerItemProxy;
			containerPortal = 1FA049DC1AF7E4D60080EC3A /* Project object */;
			proxyType = 1;
			remoteGlobalIDString = 1FA049E31AF7E4D60080EC3A;
			remoteInfo = "coreMotion Hackathon";
		};
/* End PBXContainerItemProxy section */

/* Begin PBXFileReference section */
		1FA049E41AF7E4D70080EC3A /* coreMotion Hackathon.app */ = {isa = PBXFileReference; explicitFileType = wrapper.application; includeInIndex = 0; path = "coreMotion Hackathon.app"; sourceTree = BUILT_PRODUCTS_DIR; };
		1FA049E81AF7E4D70080EC3A /* Info.plist */ = {isa = PBXFileReference; lastKnownFileType = text.plist.xml; path = Info.plist; sourceTree = "<group>"; };
		1FA049E91AF7E4D70080EC3A /* AppDelegate.swift */ = {isa = PBXFileReference; lastKnownFileType = sourcecode.swift; path = AppDelegate.swift; sourceTree = "<group>"; };
		1FA049EB1AF7E4D70080EC3A /* ViewController.swift */ = {isa = PBXFileReference; lastKnownFileType = sourcecode.swift; path = ViewController.swift; sourceTree = "<group>"; };
		1FA049EE1AF7E4D70080EC3A /* Base */ = {isa = PBXFileReference; lastKnownFileType = file.storyboard; name = Base; path = Base.lproj/Main.storyboard; sourceTree = "<group>"; };
		1FA049F01AF7E4D70080EC3A /* Images.xcassets */ = {isa = PBXFileReference; lastKnownFileType = folder.assetcatalog; path = Images.xcassets; sourceTree = "<group>"; };
		1FA049F31AF7E4D70080EC3A /* Base */ = {isa = PBXFileReference; lastKnownFileType = file.xib; name = Base; path = Base.lproj/LaunchScreen.xib; sourceTree = "<group>"; };
		1FA049F91AF7E4D70080EC3A /* coreMotion HackathonTests.xctest */ = {isa = PBXFileReference; explicitFileType = wrapper.cfbundle; includeInIndex = 0; path = "coreMotion HackathonTests.xctest"; sourceTree = BUILT_PRODUCTS_DIR; };
		1FA049FE1AF7E4D70080EC3A /* Info.plist */ = {isa = PBXFileReference; lastKnownFileType = text.plist.xml; path = Info.plist; sourceTree = "<group>"; };
		1FA049FF1AF7E4D70080EC3A /* coreMotion_HackathonTests.swift */ = {isa = PBXFileReference; lastKnownFileType = sourcecode.swift; path = coreMotion_HackathonTests.swift; sourceTree = "<group>"; };
		1FA04A091AF828410080EC3A /* PacmanWakaWaka.mp3 */ = {isa = PBXFileReference; lastKnownFileType = audio.mp3; name = PacmanWakaWaka.mp3; path = SFX_Pacman/PacmanWakaWaka.mp3; sourceTree = SOURCE_ROOT; };
		1FA04A0B1AF828F10080EC3A /* PacmanOpeningSong.mp3 */ = {isa = PBXFileReference; lastKnownFileType = audio.mp3; name = PacmanOpeningSong.mp3; path = SFX_Pacman/PacmanOpeningSong.mp3; sourceTree = SOURCE_ROOT; };
		1FA04A0D1AF82A4C0080EC3A /* PacmanDies.mp3 */ = {isa = PBXFileReference; lastKnownFileType = audio.mp3; name = PacmanDies.mp3; path = SFX_Pacman/PacmanDies.mp3; sourceTree = SOURCE_ROOT; };
		1FA04A0F1AF82AF50080EC3A /* PacmanEatingGhost.mp3 */ = {isa = PBXFileReference; lastKnownFileType = audio.mp3; name = PacmanEatingGhost.mp3; path = SFX_Pacman/PacmanEatingGhost.mp3; sourceTree = SOURCE_ROOT; };
/* End PBXFileReference section */

/* Begin PBXFrameworksBuildPhase section */
		1FA049E11AF7E4D60080EC3A /* Frameworks */ = {
			isa = PBXFrameworksBuildPhase;
			buildActionMask = 2147483647;
			files = (
			);
			runOnlyForDeploymentPostprocessing = 0;
		};
		1FA049F61AF7E4D70080EC3A /* Frameworks */ = {
			isa = PBXFrameworksBuildPhase;
			buildActionMask = 2147483647;
			files = (
			);
			runOnlyForDeploymentPostprocessing = 0;
		};
/* End PBXFrameworksBuildPhase section */

/* Begin PBXGroup section */
		1FA049DB1AF7E4D60080EC3A = {
			isa = PBXGroup;
			children = (
				1FA049E61AF7E4D70080EC3A /* coreMotion Hackathon */,
				1FA049FC1AF7E4D70080EC3A /* coreMotion HackathonTests */,
				1FA049E51AF7E4D70080EC3A /* Products */,
			);
			sourceTree = "<group>";
		};
		1FA049E51AF7E4D70080EC3A /* Products */ = {
			isa = PBXGroup;
			children = (
				1FA049E41AF7E4D70080EC3A /* coreMotion Hackathon.app */,
				1FA049F91AF7E4D70080EC3A /* coreMotion HackathonTests.xctest */,
			);
			name = Products;
			sourceTree = "<group>";
		};
		1FA049E61AF7E4D70080EC3A /* coreMotion Hackathon */ = {
			isa = PBXGroup;
			children = (
				1FA049E91AF7E4D70080EC3A /* AppDelegate.swift */,
				1FA049EB1AF7E4D70080EC3A /* ViewController.swift */,
				1FA049ED1AF7E4D70080EC3A /* Main.storyboard */,
				1FA04A0F1AF82AF50080EC3A /* PacmanEatingGhost.mp3 */,
				1FA04A0D1AF82A4C0080EC3A /* PacmanDies.mp3 */,
				1FA04A0B1AF828F10080EC3A /* PacmanOpeningSong.mp3 */,
				1FA04A091AF828410080EC3A /* PacmanWakaWaka.mp3 */,
				1FA049F01AF7E4D70080EC3A /* Images.xcassets */,
				1FA049F21AF7E4D70080EC3A /* LaunchScreen.xib */,
				1FA049E71AF7E4D70080EC3A /* Supporting Files */,
			);
			path = "coreMotion Hackathon";
			sourceTree = "<group>";
		};
		1FA049E71AF7E4D70080EC3A /* Supporting Files */ = {
			isa = PBXGroup;
			children = (
				1FA049E81AF7E4D70080EC3A /* Info.plist */,
			);
			name = "Supporting Files";
			sourceTree = "<group>";
		};
		1FA049FC1AF7E4D70080EC3A /* coreMotion HackathonTests */ = {
			isa = PBXGroup;
			children = (
				1FA049FF1AF7E4D70080EC3A /* coreMotion_HackathonTests.swift */,
				1FA049FD1AF7E4D70080EC3A /* Supporting Files */,
			);
			path = "coreMotion HackathonTests";
			sourceTree = "<group>";
		};
		1FA049FD1AF7E4D70080EC3A /* Supporting Files */ = {
			isa = PBXGroup;
			children = (
				1FA049FE1AF7E4D70080EC3A /* Info.plist */,
			);
			name = "Supporting Files";
			sourceTree = "<group>";
		};
/* End PBXGroup section */

/* Begin PBXNativeTarget section */
		1FA049E31AF7E4D60080EC3A /* coreMotion Hackathon */ = {
			isa = PBXNativeTarget;
			buildConfigurationList = 1FA04A031AF7E4D70080EC3A /* Build configuration list for PBXNativeTarget "coreMotion Hackathon" */;
			buildPhases = (
				1FA049E01AF7E4D60080EC3A /* Sources */,
				1FA049E11AF7E4D60080EC3A /* Frameworks */,
				1FA049E21AF7E4D60080EC3A /* Resources */,
			);
			buildRules = (
			);
			dependencies = (
			);
			name = "coreMotion Hackathon";
			productName = "coreMotion Hackathon";
			productReference = 1FA049E41AF7E4D70080EC3A /* coreMotion Hackathon.app */;
			productType = "com.apple.product-type.application";
		};
		1FA049F81AF7E4D70080EC3A /* coreMotion HackathonTests */ = {
			isa = PBXNativeTarget;
			buildConfigurationList = 1FA04A061AF7E4D70080EC3A /* Build configuration list for PBXNativeTarget "coreMotion HackathonTests" */;
			buildPhases = (
				1FA049F51AF7E4D70080EC3A /* Sources */,
				1FA049F61AF7E4D70080EC3A /* Frameworks */,
				1FA049F71AF7E4D70080EC3A /* Resources */,
			);
			buildRules = (
			);
			dependencies = (
				1FA049FB1AF7E4D70080EC3A /* PBXTargetDependency */,
			);
			name = "coreMotion HackathonTests";
			productName = "coreMotion HackathonTests";
			productReference = 1FA049F91AF7E4D70080EC3A /* coreMotion HackathonTests.xctest */;
			productType = "com.apple.product-type.bundle.unit-test";
		};
/* End PBXNativeTarget section */

/* Begin PBXProject section */
		1FA049DC1AF7E4D60080EC3A /* Project object */ = {
			isa = PBXProject;
			attributes = {
				LastUpgradeCheck = 0630;
				ORGANIZATIONNAME = Jeff;
				TargetAttributes = {
					1FA049E31AF7E4D60080EC3A = {
						CreatedOnToolsVersion = 6.3.1;
					};
					1FA049F81AF7E4D70080EC3A = {
						CreatedOnToolsVersion = 6.3.1;
						TestTargetID = 1FA049E31AF7E4D60080EC3A;
					};
				};
			};
			buildConfigurationList = 1FA049DF1AF7E4D60080EC3A /* Build configuration list for PBXProject "coreMotion Hackathon" */;
			compatibilityVersion = "Xcode 3.2";
			developmentRegion = English;
			hasScannedForEncodings = 0;
			knownRegions = (
				en,
				Base,
			);
			mainGroup = 1FA049DB1AF7E4D60080EC3A;
			productRefGroup = 1FA049E51AF7E4D70080EC3A /* Products */;
			projectDirPath = "";
			projectRoot = "";
			targets = (
				1FA049E31AF7E4D60080EC3A /* coreMotion Hackathon */,
				1FA049F81AF7E4D70080EC3A /* coreMotion HackathonTests */,
			);
		};
/* End PBXProject section */

/* Begin PBXResourcesBuildPhase section */
		1FA049E21AF7E4D60080EC3A /* Resources */ = {
			isa = PBXResourcesBuildPhase;
			buildActionMask = 2147483647;
			files = (
				1FA04A0A1AF828410080EC3A /* PacmanWakaWaka.mp3 in Resources */,
				1FA049EF1AF7E4D70080EC3A /* Main.storyboard in Resources */,
				1FA04A0C1AF828F10080EC3A /* PacmanOpeningSong.mp3 in Resources */,
				1FA04A0E1AF82A4C0080EC3A /* PacmanDies.mp3 in Resources */,
				1FA049F41AF7E4D70080EC3A /* LaunchScreen.xib in Resources */,
				1FA04A101AF82AF50080EC3A /* PacmanEatingGhost.mp3 in Resources */,
				1FA049F11AF7E4D70080EC3A /* Images.xcassets in Resources */,
			);
			runOnlyForDeploymentPostprocessing = 0;
		};
		1FA049F71AF7E4D70080EC3A /* Resources */ = {
			isa = PBXResourcesBuildPhase;
			buildActionMask = 2147483647;
			files = (
			);
			runOnlyForDeploymentPostprocessing = 0;
		};
/* End PBXResourcesBuildPhase section */

/* Begin PBXSourcesBuildPhase section */
		1FA049E01AF7E4D60080EC3A /* Sources */ = {
			isa = PBXSourcesBuildPhase;
			buildActionMask = 2147483647;
			files = (
				1FA049EC1AF7E4D70080EC3A /* ViewController.swift in Sources */,
				1FA049EA1AF7E4D70080EC3A /* AppDelegate.swift in Sources */,
			);
			runOnlyForDeploymentPostprocessing = 0;
		};
		1FA049F51AF7E4D70080EC3A /* Sources */ = {
			isa = PBXSourcesBuildPhase;
			buildActionMask = 2147483647;
			files = (
				1FA04A001AF7E4D70080EC3A /* coreMotion_HackathonTests.swift in Sources */,
			);
			runOnlyForDeploymentPostprocessing = 0;
		};
/* End PBXSourcesBuildPhase section */

/* Begin PBXTargetDependency section */
		1FA049FB1AF7E4D70080EC3A /* PBXTargetDependency */ = {
			isa = PBXTargetDependency;
			target = 1FA049E31AF7E4D60080EC3A /* coreMotion Hackathon */;
			targetProxy = 1FA049FA1AF7E4D70080EC3A /* PBXContainerItemProxy */;
		};
/* End PBXTargetDependency section */

/* Begin PBXVariantGroup section */
		1FA049ED1AF7E4D70080EC3A /* Main.storyboard */ = {
			isa = PBXVariantGroup;
			children = (
				1FA049EE1AF7E4D70080EC3A /* Base */,
			);
			name = Main.storyboard;
			sourceTree = "<group>";
		};
		1FA049F21AF7E4D70080EC3A /* LaunchScreen.xib */ = {
			isa = PBXVariantGroup;
			children = (
				1FA049F31AF7E4D70080EC3A /* Base */,
			);
			name = LaunchScreen.xib;
			sourceTree = "<group>";
		};
/* End PBXVariantGroup section */

/* Begin XCBuildConfiguration section */
		1FA04A011AF7E4D70080EC3A /* Debug */ = {
			isa = XCBuildConfiguration;
			buildSettings = {
				ALWAYS_SEARCH_USER_PATHS = NO;
				CLANG_CXX_LANGUAGE_STANDARD = "gnu++0x";
				CLANG_CXX_LIBRARY = "libc++";
				CLANG_ENABLE_MODULES = YES;
				CLANG_ENABLE_OBJC_ARC = YES;
				CLANG_WARN_BOOL_CONVERSION = YES;
				CLANG_WARN_CONSTANT_CONVERSION = YES;
				CLANG_WARN_DIRECT_OBJC_ISA_USAGE = YES_ERROR;
				CLANG_WARN_EMPTY_BODY = YES;
				CLANG_WARN_ENUM_CONVERSION = YES;
				CLANG_WARN_INT_CONVERSION = YES;
				CLANG_WARN_OBJC_ROOT_CLASS = YES_ERROR;
				CLANG_WARN_UNREACHABLE_CODE = YES;
				CLANG_WARN__DUPLICATE_METHOD_MATCH = YES;
				"CODE_SIGN_IDENTITY[sdk=iphoneos*]" = "iPhone Developer";
				COPY_PHASE_STRIP = NO;
				DEBUG_INFORMATION_FORMAT = "dwarf-with-dsym";
				ENABLE_STRICT_OBJC_MSGSEND = YES;
				GCC_C_LANGUAGE_STANDARD = gnu99;
				GCC_DYNAMIC_NO_PIC = NO;
				GCC_NO_COMMON_BLOCKS = YES;
				GCC_OPTIMIZATION_LEVEL = 0;
				GCC_PREPROCESSOR_DEFINITIONS = (
					"DEBUG=1",
					"$(inherited)",
				);
				GCC_SYMBOLS_PRIVATE_EXTERN = NO;
				GCC_WARN_64_TO_32_BIT_CONVERSION = YES;
				GCC_WARN_ABOUT_RETURN_TYPE = YES_ERROR;
				GCC_WARN_UNDECLARED_SELECTOR = YES;
				GCC_WARN_UNINITIALIZED_AUTOS = YES_AGGRESSIVE;
				GCC_WARN_UNUSED_FUNCTION = YES;
				GCC_WARN_UNUSED_VARIABLE = YES;
				IPHONEOS_DEPLOYMENT_TARGET = 8.3;
				MTL_ENABLE_DEBUG_INFO = YES;
				ONLY_ACTIVE_ARCH = YES;
				SDKROOT = iphoneos;
				SWIFT_OPTIMIZATION_LEVEL = "-Onone";
				TARGETED_DEVICE_FAMILY = "1,2";
			};
			name = Debug;
		};
		1FA04A021AF7E4D70080EC3A /* Release */ = {
			isa = XCBuildConfiguration;
			buildSettings = {
				ALWAYS_SEARCH_USER_PATHS = NO;
				CLANG_CXX_LANGUAGE_STANDARD = "gnu++0x";
				CLANG_CXX_LIBRARY = "libc++";
				CLANG_ENABLE_MODULES = YES;
				CLANG_ENABLE_OBJC_ARC = YES;
				CLANG_WARN_BOOL_CONVERSION = YES;
				CLANG_WARN_CONSTANT_CONVERSION = YES;
				CLANG_WARN_DIRECT_OBJC_ISA_USAGE = YES_ERROR;
				CLANG_WARN_EMPTY_BODY = YES;
				CLANG_WARN_ENUM_CONVERSION = YES;
				CLANG_WARN_INT_CONVERSION = YES;
				CLANG_WARN_OBJC_ROOT_CLASS = YES_ERROR;
				CLANG_WARN_UNREACHABLE_CODE = YES;
				CLANG_WARN__DUPLICATE_METHOD_MATCH = YES;
				"CODE_SIGN_IDENTITY[sdk=iphoneos*]" = "iPhone Developer";
				COPY_PHASE_STRIP = NO;
				DEBUG_INFORMATION_FORMAT = "dwarf-with-dsym";
				ENABLE_NS_ASSERTIONS = NO;
				ENABLE_STRICT_OBJC_MSGSEND = YES;
				GCC_C_LANGUAGE_STANDARD = gnu99;
				GCC_NO_COMMON_BLOCKS = YES;
				GCC_WARN_64_TO_32_BIT_CONVERSION = YES;
				GCC_WARN_ABOUT_RETURN_TYPE = YES_ERROR;
				GCC_WARN_UNDECLARED_SELECTOR = YES;
				GCC_WARN_UNINITIALIZED_AUTOS = YES_AGGRESSIVE;
				GCC_WARN_UNUSED_FUNCTION = YES;
				GCC_WARN_UNUSED_VARIABLE = YES;
				IPHONEOS_DEPLOYMENT_TARGET = 8.3;
				MTL_ENABLE_DEBUG_INFO = NO;
				SDKROOT = iphoneos;
				TARGETED_DEVICE_FAMILY = "1,2";
				VALIDATE_PRODUCT = YES;
			};
			name = Release;
		};
		1FA04A041AF7E4D70080EC3A /* Debug */ = {
			isa = XCBuildConfiguration;
			buildSettings = {
				ASSETCATALOG_COMPILER_APPICON_NAME = AppIcon;
				INFOPLIST_FILE = "coreMotion Hackathon/Info.plist";
				LD_RUNPATH_SEARCH_PATHS = "$(inherited) @executable_path/Frameworks";
				PRODUCT_NAME = "$(TARGET_NAME)";
			};
			name = Debug;
		};
		1FA04A051AF7E4D70080EC3A /* Release */ = {
			isa = XCBuildConfiguration;
			buildSettings = {
				ASSETCATALOG_COMPILER_APPICON_NAME = AppIcon;
				INFOPLIST_FILE = "coreMotion Hackathon/Info.plist";
				LD_RUNPATH_SEARCH_PATHS = "$(inherited) @executable_path/Frameworks";
				PRODUCT_NAME = "$(TARGET_NAME)";
			};
			name = Release;
		};
		1FA04A071AF7E4D70080EC3A /* Debug */ = {
			isa = XCBuildConfiguration;
			buildSettings = {
				BUNDLE_LOADER = "$(TEST_HOST)";
				FRAMEWORK_SEARCH_PATHS = (
					"$(SDKROOT)/Developer/Library/Frameworks",
					"$(inherited)",
				);
				GCC_PREPROCESSOR_DEFINITIONS = (
					"DEBUG=1",
					"$(inherited)",
				);
				INFOPLIST_FILE = "coreMotion HackathonTests/Info.plist";
				LD_RUNPATH_SEARCH_PATHS = "$(inherited) @executable_path/Frameworks @loader_path/Frameworks";
				PRODUCT_NAME = "$(TARGET_NAME)";
				TEST_HOST = "$(BUILT_PRODUCTS_DIR)/coreMotion Hackathon.app/coreMotion Hackathon";
			};
			name = Debug;
		};
		1FA04A081AF7E4D70080EC3A /* Release */ = {
			isa = XCBuildConfiguration;
			buildSettings = {
				BUNDLE_LOADER = "$(TEST_HOST)";
				FRAMEWORK_SEARCH_PATHS = (
					"$(SDKROOT)/Developer/Library/Frameworks",
					"$(inherited)",
				);
				INFOPLIST_FILE = "coreMotion HackathonTests/Info.plist";
				LD_RUNPATH_SEARCH_PATHS = "$(inherited) @executable_path/Frameworks @loader_path/Frameworks";
				PRODUCT_NAME = "$(TARGET_NAME)";
				TEST_HOST = "$(BUILT_PRODUCTS_DIR)/coreMotion Hackathon.app/coreMotion Hackathon";
			};
			name = Release;
		};
/* End XCBuildConfiguration section */

/* Begin XCConfigurationList section */
		1FA049DF1AF7E4D60080EC3A /* Build configuration list for PBXProject "coreMotion Hackathon" */ = {
			isa = XCConfigurationList;
			buildConfigurations = (
				1FA04A011AF7E4D70080EC3A /* Debug */,
				1FA04A021AF7E4D70080EC3A /* Release */,
			);
			defaultConfigurationIsVisible = 0;
			defaultConfigurationName = Release;
		};
		1FA04A031AF7E4D70080EC3A /* Build configuration list for PBXNativeTarget "coreMotion Hackathon" */ = {
			isa = XCConfigurationList;
			buildConfigurations = (
				1FA04A041AF7E4D70080EC3A /* Debug */,
				1FA04A051AF7E4D70080EC3A /* Release */,
			);
			defaultConfigurationIsVisible = 0;
		};
		1FA04A061AF7E4D70080EC3A /* Build configuration list for PBXNativeTarget "coreMotion HackathonTests" */ = {
			isa = XCConfigurationList;
			buildConfigurations = (
				1FA04A071AF7E4D70080EC3A /* Debug */,
				1FA04A081AF7E4D70080EC3A /* Release */,
			);
			defaultConfigurationIsVisible = 0;
		};
/* End XCConfigurationList section */
	};
	rootObject = 1FA049DC1AF7E4D60080EC3A /* Project object */;
}
